
Microsoft Visual Studio Solution File, Format Version 12.00
# Visual Studio Version 17
VisualStudioVersion = 17.12.35527.113 d17.12
MinimumVisualStudioVersion = 10.0.40219.1
Project("{FAE04EC0-301F-11D3-BF4B-00C04F79EFBC}") = "Moment5.2", "Moment5.2\Moment5.2.csproj", "{29498602-02EC-447C-9444-07E3A2C78190}"
EndProject
Global
	GlobalSection(SolutionConfigurationPlatforms) = preSolution
		Debug|Any CPU = Debug|Any CPU
		Release|Any CPU = Release|Any CPU
	EndGlobalSection
	GlobalSection(ProjectConfigurationPlatforms) = postSolution
		{29498602-02EC-447C-9444-07E3A2C78190}.Debug|Any CPU.ActiveCfg = Debug|Any CPU
		{29498602-02EC-447C-9444-07E3A2C78190}.Debug|Any CPU.Build.0 = Debug|Any CPU
		{29498602-02EC-447C-9444-07E3A2C78190}.Release|Any CPU.ActiveCfg = Release|Any CPU
		{29498602-02EC-447C-9444-07E3A2C78190}.Release|Any CPU.Build.0 = Release|Any CPU
	EndGlobalSection
	GlobalSection(SolutionProperties) = preSolution
		HideSolutionNode = FALSE
	EndGlobalSection
EndGlobal
