
Microsoft Visual Studio Solution File, Format Version 12.00
# Visual Studio Version 17
VisualStudioVersion = 17.12.35527.113 d17.12
MinimumVisualStudioVersion = 10.0.40219.1
Project("{FAE04EC0-301F-11D3-BF4B-00C04F79EFBC}") = "MOMENT3.2", "MOMENT3.2\MOMENT3.2.csproj", "{0F74B638-58B7-4348-B5CE-2BE932A6FB48}"
EndProject
Global
	GlobalSection(SolutionConfigurationPlatforms) = preSolution
		Debug|Any CPU = Debug|Any CPU
		Release|Any CPU = Release|Any CPU
	EndGlobalSection
	GlobalSection(ProjectConfigurationPlatforms) = postSolution
		{0F74B638-58B7-4348-B5CE-2BE932A6FB48}.Debug|Any CPU.ActiveCfg = Debug|Any CPU
		{0F74B638-58B7-4348-B5CE-2BE932A6FB48}.Debug|Any CPU.Build.0 = Debug|Any CPU
		{0F74B638-58B7-4348-B5CE-2BE932A6FB48}.Release|Any CPU.ActiveCfg = Release|Any CPU
		{0F74B638-58B7-4348-B5CE-2BE932A6FB48}.Release|Any CPU.Build.0 = Release|Any CPU
	EndGlobalSection
	GlobalSection(SolutionProperties) = preSolution
		HideSolutionNode = FALSE
	EndGlobalSection
EndGlobal
